Microsoft Visual Studio Solution File, Format Version 12.00
# Visual Studio Version 17
VisualStudioVersion = 17.5.2.0
MinimumVisualStudioVersion = 10.0.40219.1
Project("{FAE04EC0-301F-11D3-BF4B-00C04F79EFBC}") = "tNav.Common.Tests", "tNav.Common.Tests.csproj", "{58FDE2DC-EAAD-17C3-A113-DE94D6EA9B99}"
EndProject
Global
	GlobalSection(SolutionConfigurationPlatforms) = preSolution
		Debug|Any CPU = Debug|Any CPU
		Release|Any CPU = Release|Any CPU
	EndGlobalSection
	GlobalSection(ProjectConfigurationPlatforms) = postSolution
		{58FDE2DC-EAAD-17C3-A113-DE94D6EA9B99}.Debug|Any CPU.ActiveCfg = Debug|Any CPU
		{58FDE2DC-EAAD-17C3-A113-DE94D6EA9B99}.Debug|Any CPU.Build.0 = Debug|Any CPU
		{58FDE2DC-EAAD-17C3-A113-DE94D6EA9B99}.Release|Any CPU.ActiveCfg = Release|Any CPU
		{58FDE2DC-EAAD-17C3-A113-DE94D6EA9B99}.Release|Any CPU.Build.0 = Release|Any CPU
	EndGlobalSection
	GlobalSection(SolutionProperties) = preSolution
		HideSolutionNode = FALSE
	EndGlobalSection
	GlobalSection(ExtensibilityGlobals) = postSolution
		SolutionGuid = {999E9248-1025-4A8E-965B-FC2D28296CCA}
	EndGlobalSection
EndGlobal
